github.com/hashicorp/errwrap v0.0.0-20141028054710-7554cd9344ce h1:prjrVgOk2Yg6w+PflHoszQNLTUh4kaByUcEWM/9uin4=
github.com/hashicorp/errwrap v0.0.0-20141028054710-7554cd9344ce/go.mod h1:YH+1FKiLXxHSkmPseP+kNlulaMuP3n2brvKWEqk/Jc4=
github.com/hashicorp/go-multierror v0.0.0-20150916205742-d30f09973e19 h1:gb61U/o4ZJ6TRYvZqJUKYidIhJOEAvNyVMesryROxAY=
github.com/hashicorp/go-multierror v0.0.0-20150916205742-d30f09973e19/go.mod h1:JMRHfdO9jKNzS/+BTlxCjKNQHg/jZAft8U7LloJvN7I=
github.com/hashicorp/go-version v0.0.0-20160519212729-0181db470237 h1:d6eCXmroV08aT5fUYqhHYFHInUoPZ7CPlHSWAexmVfQ=
github.com/hashicorp/go-version v0.0.0-20160519212729-0181db470237/go.mod h1:fltr4n8CU8Ke44wwGCBoEymUuxUHl09ZGVZPK5anwXA=
github.com/hashicorp/yamux v0.0.0-20160519160042-172cde3b6ca5 h1:pv+pzzhj9FScJjysWd2bhLChmVuzDKBfOkGQXvVKVM8=
github.com/hashicorp/yamux v0.0.0-20160519160042-172cde3b6ca5/go.mod h1:+NfK9FKeTrX5uv1uIXGdwYDTeHna2qgaIlx54MXqjAM=
github.com/mitchellh/go-fs v0.0.0-20150611040906-a34c1b9334e8 h1:UCZ0aWSjQ9BAqutuze9boB7V75PRtZrBdNQ2FNgr3cg=
github.com/mitchellh/go-fs v0.0.0-20150611040906-a34c1b9334e8/go.mod h1:g7SZj7ABpStq3tM4zqHiVEG5un/DZ1+qJJKO7qx1EvU=
github.com/mitchellh/goamz v0.0.0-20150317174335-caaaea8b30ee h1:Wp4ixY2/QEZOrQrGMF1h1x4yxqsef+aQPse0XMXzZhs=
github.com/mitchellh/goamz v0.0.0-20150317174335-caaaea8b30ee/go.mod h1:svb8iUupD5i7RyGXoCUrk3EQSaXjWxKuqiZ0j41Jmm8=
github.com/mitchellh/iochan v0.0.0-20150529224432-87b45ffd0e95 h1:aHWVygBsLb+Kls/35B3tevL1hvDxZ0UklPA0BmhqTEk=
github.com/mitchellh/iochan v0.0.0-20150529224432-87b45ffd0e95/go.mod h1:JwYml1nuB7xOzsp52dPpHFffvOCDupsG0QubkSMEySY=
github.com/mitchellh/mapstructure v0.0.0-20160212031839-d2dd02622084 h1:Z2EJ6SUYrzx6J/YH/ltZthkUQTB/5+Ykpkew6y9DGJE=
github.com/mitchellh/mapstructure v0.0.0-20160212031839-d2dd02622084/go.mod h1:FVVH3fgwuzCH5S8UJGiWEs2h04kUh9fWfEaFds41c1Y=
github.com/mitchellh/multistep v0.0.0-20140407010115-162146fc5711 h1:wYK+RW7LV1GJQf1XzS7gL8zVBa+3C963Dsy2Hduzse0=
github.com/mitchellh/multistep v0.0.0-20140407010115-162146fc5711/go.mod h1:tZVWRY9V2OVYseuyNEjh0rb7qkeCMl+kRSGLqUEhFNg=
github.com/mitchellh/packer v0.10.1 h1:8k3Q4+pI+U7ucrwuWQ1AIPnKSz3UUkMtlmMLyo3sVpY=
github.com/mitchellh/packer v0.10.1/go.mod h1:3TnGTkplC/koV8K6bCfCN1NB34Tye7lmUzo55/X5wqw=
github.com/mitchellh/reflectwalk v0.0.0-20150527153153-eecf4c70c626 h1:88u9H4mNODBcQUwlNpl6+jBhdoYT3WSi0w4hpYaYZ/o=
github.com/mitchellh/reflectwalk v0.0.0-20150527153153-eecf4c70c626/go.mod h1:mSTlrgnPZtwu0c4WaC2kGObEpuNDbx0jmZXqmk4esnw=
github.com/motain/gocheck v0.0.0-20131023154940-9beb271d26e6 h1:gKdQPVb3yDSbcw4sgNyrt2LP0/4uTdrvTm3e4IcATCE=
github.com/motain/gocheck v0.0.0-20131023154940-9beb271d26e6/go.mod h1:RnPn6D1AAyccwR5T+py4G3eMhZuqr0/pGM6Ygpu1tDc=
github.com/ugorji/go v0.0.0-20160531122944-b94837a2404a h1:XzhTMefKlqhf8xoN2NE9a9j1t2A+huvYvil4yDiw6wA=
github.com/ugorji/go v0.0.0-20160531122944-b94837a2404a/go.mod h1:hnLbHMwcvSihnDhEfx2/BzKp2xb0Y+ErdfYcrs9tkJQ=
github.com/vaughan0/go-ini v0.0.0-20130923145212-a98ad7ee00ec h1:DGmKwyZwEB8dI7tbLt/I/gQuP559o/0FrAkHKlQM/Ks=
github.com/vaughan0/go-ini v0.0.0-20130923145212-a98ad7ee00ec/go.mod h1:owBmyHYMLkxyrugmfwE/DLJyW8Ro9mkphwuVErQ0iUw=
launchpad.net/gocheck v0.0.0-20140225173054-000000000087 h1:Izowp2XBH6Ya6rv+hqbceQyw/gSGoXfH/UPoTGduL54=
launchpad.net/gocheck v0.0.0-20140225173054-000000000087/go.mod h1:hj7XX3B/0A+80Vse0e+BUHsHMTEhd0O4cpUHr/e/BUM=
